
Microsoft Visual Studio Solution File, Format Version 12.00
Project("{2150E333-8FDC-42A3-9474-1A3956D46DE8}") = "src", "server\src", "{827E0CD3-B72D-47B6-A68D-7590B98EB39B}"
EndProject
Project("{FAE04EC0-301F-11D3-BF4B-00C04F79EFBC}") = "YtGuessWho.Api", "server\src\YtGuessWho.Api\YtGuessWho.Api.csproj", "{817C9260-284A-4684-BD73-9E5337476CFA}"
EndProject
Project("{FAE04EC0-301F-11D3-BF4B-00C04F79EFBC}") = "YtGuessWho.Domain", "server\src\YtGuessWho.Domain\YtGuessWho.Domain.csproj", "{4C4D2413-2B08-4E7B-B992-54CC32559202}"
EndProject
Project("{FAE04EC0-301F-11D3-BF4B-00C04F79EFBC}") = "YtGuessWho.Application", "server\src\YtGuessWho.Application\YtGuessWho.Application.csproj", "{4FDB132B-08C8-4AFA-8979-1235874D4A67}"
EndProject
Project("{FAE04EC0-301F-11D3-BF4B-00C04F79EFBC}") = "YtGuessWho.Infrastructure", "server\src\YtGuessWho.Infrastructure\YtGuessWho.Infrastructure.csproj", "{03BA0A79-D867-42BD-A30E-BA9E6CB2D61C}"
EndProject
Project("{2150E333-8FDC-42A3-9474-1A3956D46DE8}") = "tests", "server\tests", "{0AB3BF05-4346-4AA6-1389-037BE0695223}"
EndProject
Project("{FAE04EC0-301F-11D3-BF4B-00C04F79EFBC}") = "YtGuessWho.Tests", "server\tests\YtGuessWho.Tests\YtGuessWho.Tests.csproj", "{F5864AA5-5B4E-49C9-9725-86F518AB4EF1}"
EndProject
Global
	GlobalSection(SolutionConfigurationPlatforms) = preSolution
		Debug|Any CPU = Debug|Any CPU
		Debug|x64 = Debug|x64
		Debug|x86 = Debug|x86
		Release|Any CPU = Release|Any CPU
		Release|x64 = Release|x64
		Release|x86 = Release|x86
	EndGlobalSection
	GlobalSection(ProjectConfigurationPlatforms) = postSolution
		{817C9260-284A-4684-BD73-9E5337476CFA}.Debug|Any CPU.ActiveCfg = Debug|Any CPU
		{817C9260-284A-4684-BD73-9E5337476CFA}.Debug|Any CPU.Build.0 = Debug|Any CPU
		{817C9260-284A-4684-BD73-9E5337476CFA}.Debug|x64.ActiveCfg = Debug|Any CPU
		{817C9260-284A-4684-BD73-9E5337476CFA}.Debug|x64.Build.0 = Debug|Any CPU
		{817C9260-284A-4684-BD73-9E5337476CFA}.Debug|x86.ActiveCfg = Debug|Any CPU
		{817C9260-284A-4684-BD73-9E5337476CFA}.Debug|x86.Build.0 = Debug|Any CPU
		{817C9260-284A-4684-BD73-9E5337476CFA}.Release|Any CPU.ActiveCfg = Release|Any CPU
		{817C9260-284A-4684-BD73-9E5337476CFA}.Release|Any CPU.Build.0 = Release|Any CPU
		{817C9260-284A-4684-BD73-9E5337476CFA}.Release|x64.ActiveCfg = Release|Any CPU
		{817C9260-284A-4684-BD73-9E5337476CFA}.Release|x64.Build.0 = Release|Any CPU
		{817C9260-284A-4684-BD73-9E5337476CFA}.Release|x86.ActiveCfg = Release|Any CPU
		{817C9260-284A-4684-BD73-9E5337476CFA}.Release|x86.Build.0 = Release|Any CPU
		{4C4D2413-2B08-4E7B-B992-54CC32559202}.Debug|Any CPU.ActiveCfg = Debug|Any CPU
		{4C4D2413-2B08-4E7B-B992-54CC32559202}.Debug|Any CPU.Build.0 = Debug|Any CPU
		{4C4D2413-2B08-4E7B-B992-54CC32559202}.Debug|x64.ActiveCfg = Debug|Any CPU
		{4C4D2413-2B08-4E7B-B992-54CC32559202}.Debug|x64.Build.0 = Debug|Any CPU
		{4C4D2413-2B08-4E7B-B992-54CC32559202}.Debug|x86.ActiveCfg = Debug|Any CPU
		{4C4D2413-2B08-4E7B-B992-54CC32559202}.Debug|x86.Build.0 = Debug|Any CPU
		{4C4D2413-2B08-4E7B-B992-54CC32559202}.Release|Any CPU.ActiveCfg = Release|Any CPU
		{4C4D2413-2B08-4E7B-B992-54CC32559202}.Release|Any CPU.Build.0 = Release|Any CPU
		{4C4D2413-2B08-4E7B-B992-54CC32559202}.Release|x64.ActiveCfg = Release|Any CPU
		{4C4D2413-2B08-4E7B-B992-54CC32559202}.Release|x64.Build.0 = Release|Any CPU
		{4C4D2413-2B08-4E7B-B992-54CC32559202}.Release|x86.ActiveCfg = Release|Any CPU
		{4C4D2413-2B08-4E7B-B992-54CC32559202}.Release|x86.Build.0 = Release|Any CPU
		{4FDB132B-08C8-4AFA-8979-1235874D4A67}.Debug|Any CPU.ActiveCfg = Debug|Any CPU
		{4FDB132B-08C8-4AFA-8979-1235874D4A67}.Debug|Any CPU.Build.0 = Debug|Any CPU
		{4FDB132B-08C8-4AFA-8979-1235874D4A67}.Debug|x64.ActiveCfg = Debug|Any CPU
		{4FDB132B-08C8-4AFA-8979-1235874D4A67}.Debug|x64.Build.0 = Debug|Any CPU
		{4FDB132B-08C8-4AFA-8979-1235874D4A67}.Debug|x86.ActiveCfg = Debug|Any CPU
		{4FDB132B-08C8-4AFA-8979-1235874D4A67}.Debug|x86.Build.0 = Debug|Any CPU
		{4FDB132B-08C8-4AFA-8979-1235874D4A67}.Release|Any CPU.ActiveCfg = Release|Any CPU
		{4FDB132B-08C8-4AFA-8979-1235874D4A67}.Release|Any CPU.Build.0 = Release|Any CPU
		{4FDB132B-08C8-4AFA-8979-1235874D4A67}.Release|x64.ActiveCfg = Release|Any CPU
		{4FDB132B-08C8-4AFA-8979-1235874D4A67}.Release|x64.Build.0 = Release|Any CPU
		{4FDB132B-08C8-4AFA-8979-1235874D4A67}.Release|x86.ActiveCfg = Release|Any CPU
		{4FDB132B-08C8-4AFA-8979-1235874D4A67}.Release|x86.Build.0 = Release|Any CPU
		{03BA0A79-D867-42BD-A30E-BA9E6CB2D61C}.Debug|Any CPU.ActiveCfg = Debug|Any CPU
		{03BA0A79-D867-42BD-A30E-BA9E6CB2D61C}.Debug|Any CPU.Build.0 = Debug|Any CPU
		{03BA0A79-D867-42BD-A30E-BA9E6CB2D61C}.Debug|x64.ActiveCfg = Debug|Any CPU
		{03BA0A79-D867-42BD-A30E-BA9E6CB2D61C}.Debug|x64.Build.0 = Debug|Any CPU
		{03BA0A79-D867-42BD-A30E-BA9E6CB2D61C}.Debug|x86.ActiveCfg = Debug|Any CPU
		{03BA0A79-D867-42BD-A30E-BA9E6CB2D61C}.Debug|x86.Build.0 = Debug|Any CPU
		{03BA0A79-D867-42BD-A30E-BA9E6CB2D61C}.Release|Any CPU.ActiveCfg = Release|Any CPU
		{03BA0A79-D867-42BD-A30E-BA9E6CB2D61C}.Release|Any CPU.Build.0 = Release|Any CPU
		{03BA0A79-D867-42BD-A30E-BA9E6CB2D61C}.Release|x64.ActiveCfg = Release|Any CPU
		{03BA0A79-D867-42BD-A30E-BA9E6CB2D61C}.Release|x64.Build.0 = Release|Any CPU
		{03BA0A79-D867-42BD-A30E-BA9E6CB2D61C}.Release|x86.ActiveCfg = Release|Any CPU
		{03BA0A79-D867-42BD-A30E-BA9E6CB2D61C}.Release|x86.Build.0 = Release|Any CPU
		{F5864AA5-5B4E-49C9-9725-86F518AB4EF1}.Debug|Any CPU.ActiveCfg = Debug|Any CPU
		{F5864AA5-5B4E-49C9-9725-86F518AB4EF1}.Debug|Any CPU.Build.0 = Debug|Any CPU
		{F5864AA5-5B4E-49C9-9725-86F518AB4EF1}.Debug|x64.ActiveCfg = Debug|Any CPU
		{F5864AA5-5B4E-49C9-9725-86F518AB4EF1}.Debug|x64.Build.0 = Debug|Any CPU
		{F5864AA5-5B4E-49C9-9725-86F518AB4EF1}.Debug|x86.ActiveCfg = Debug|Any CPU
		{F5864AA5-5B4E-49C9-9725-86F518AB4EF1}.Debug|x86.Build.0 = Debug|Any CPU
		{F5864AA5-5B4E-49C9-9725-86F518AB4EF1}.Release|Any CPU.ActiveCfg = Release|Any CPU
		{F5864AA5-5B4E-49C9-9725-86F518AB4EF1}.Release|Any CPU.Build.0 = Release|Any CPU
		{F5864AA5-5B4E-49C9-9725-86F518AB4EF1}.Release|x64.ActiveCfg = Release|Any CPU
		{F5864AA5-5B4E-49C9-9725-86F518AB4EF1}.Release|x64.Build.0 = Release|Any CPU
		{F5864AA5-5B4E-49C9-9725-86F518AB4EF1}.Release|x86.ActiveCfg = Release|Any CPU
		{F5864AA5-5B4E-49C9-9725-86F518AB4EF1}.Release|x86.Build.0 = Release|Any CPU
	EndGlobalSection
	GlobalSection(SolutionProperties) = preSolution
		HideSolutionNode = FALSE
	EndGlobalSection
	GlobalSection(NestedProjects) = preSolution
		{817C9260-284A-4684-BD73-9E5337476CFA} = {827E0CD3-B72D-47B6-A68D-7590B98EB39B}
		{4C4D2413-2B08-4E7B-B992-54CC32559202} = {827E0CD3-B72D-47B6-A68D-7590B98EB39B}
		{4FDB132B-08C8-4AFA-8979-1235874D4A67} = {827E0CD3-B72D-47B6-A68D-7590B98EB39B}
		{03BA0A79-D867-42BD-A30E-BA9E6CB2D61C} = {827E0CD3-B72D-47B6-A68D-7590B98EB39B}
		{F5864AA5-5B4E-49C9-9725-86F518AB4EF1} = {0AB3BF05-4346-4AA6-1389-037BE0695223}
	EndGlobalSection
EndGlobal
